
Microsoft Visual Studio Solution File, Format Version 12.00
# Visual Studio Version 16
VisualStudioVersion = 16.0.29806.167
MinimumVisualStudioVersion = 10.0.40219.1
Project("{FAE04EC0-301F-11D3-BF4B-00C04F79EFBC}") = "PopUpMenuSystem", "PopUpMenuSystem\PopUpMenuSystem.csproj", "{7F5F2D70-59BA-4719-83B5-7454475E5CED}"
EndProject
Project("{2150E333-8FDC-42A3-9474-1A3956D46DE8}") = "Solution Items", "Solution Items", "{D5BBC98D-B65B-417B-A48B-99C22B34562C}"
	ProjectSection(SolutionItems) = preProject
		README.md = README.md
	EndProjectSection
EndProject
Global
	GlobalSection(SolutionConfigurationPlatforms) = preSolution
		Debug|Any CPU = Debug|Any CPU
		Release|Any CPU = Release|Any CPU
	EndGlobalSection
	GlobalSection(ProjectConfigurationPlatforms) = postSolution
		{7F5F2D70-59BA-4719-83B5-7454475E5CED}.Debug|Any CPU.ActiveCfg = Debug|Any CPU
		{7F5F2D70-59BA-4719-83B5-7454475E5CED}.Debug|Any CPU.Build.0 = Debug|Any CPU
		{7F5F2D70-59BA-4719-83B5-7454475E5CED}.Release|Any CPU.ActiveCfg = Release|Any CPU
		{7F5F2D70-59BA-4719-83B5-7454475E5CED}.Release|Any CPU.Build.0 = Release|Any CPU
	EndGlobalSection
	GlobalSection(SolutionProperties) = preSolution
		HideSolutionNode = FALSE
	EndGlobalSection
	GlobalSection(ExtensibilityGlobals) = postSolution
		SolutionGuid = {BB366843-2EAC-4180-B379-EAB27BB36F45}
	EndGlobalSection
EndGlobal
